
Microsoft Visual Studio Solution File, Format Version 12.00
# Visual Studio 15
VisualStudioVersion = 15.0.27703.2035
MinimumVisualStudioVersion = 10.0.40219.1
Project("{FAE04EC0-301F-11D3-BF4B-00C04F79EFBC}") = "EquipmentReservation", "EquipmentReservation\EquipmentReservation.csproj", "{CCC013E7-CD34-487F-9763-C3DA1C009408}"
EndProject
Project("{FAE04EC0-301F-11D3-BF4B-00C04F79EFBC}") = "EquipmentReservation.Domain", "EquipmentReservation.Domain\EquipmentReservation.Domain.csproj", "{7B4246B9-1FB1-4FF9-B509-6692FB9B2D04}"
EndProject
Project("{FAE04EC0-301F-11D3-BF4B-00C04F79EFBC}") = "EquipmentReservation.Application", "EquipmentReservation.Application\EquipmentReservation.Application.csproj", "{D4233EFA-D141-4846-9FEF-A56E310F2378}"
EndProject
Project("{FAE04EC0-301F-11D3-BF4B-00C04F79EFBC}") = "EquipmentReservation.Framework", "EquipmentReservation.Framework\EquipmentReservation.Framework.csproj", "{96095648-717E-4B25-A01F-5892F688CB2E}"
EndProject
Global
	GlobalSection(SolutionConfigurationPlatforms) = preSolution
		Debug|Any CPU = Debug|Any CPU
		Release|Any CPU = Release|Any CPU
	EndGlobalSection
	GlobalSection(ProjectConfigurationPlatforms) = postSolution
		{CCC013E7-CD34-487F-9763-C3DA1C009408}.Debug|Any CPU.ActiveCfg = Debug|Any CPU
		{CCC013E7-CD34-487F-9763-C3DA1C009408}.Debug|Any CPU.Build.0 = Debug|Any CPU
		{CCC013E7-CD34-487F-9763-C3DA1C009408}.Release|Any CPU.ActiveCfg = Release|Any CPU
		{CCC013E7-CD34-487F-9763-C3DA1C009408}.Release|Any CPU.Build.0 = Release|Any CPU
		{7B4246B9-1FB1-4FF9-B509-6692FB9B2D04}.Debug|Any CPU.ActiveCfg = Debug|Any CPU
		{7B4246B9-1FB1-4FF9-B509-6692FB9B2D04}.Debug|Any CPU.Build.0 = Debug|Any CPU
		{7B4246B9-1FB1-4FF9-B509-6692FB9B2D04}.Release|Any CPU.ActiveCfg = Release|Any CPU
		{7B4246B9-1FB1-4FF9-B509-6692FB9B2D04}.Release|Any CPU.Build.0 = Release|Any CPU
		{D4233EFA-D141-4846-9FEF-A56E310F2378}.Debug|Any CPU.ActiveCfg = Debug|Any CPU
		{D4233EFA-D141-4846-9FEF-A56E310F2378}.Debug|Any CPU.Build.0 = Debug|Any CPU
		{D4233EFA-D141-4846-9FEF-A56E310F2378}.Release|Any CPU.ActiveCfg = Release|Any CPU
		{D4233EFA-D141-4846-9FEF-A56E310F2378}.Release|Any CPU.Build.0 = Release|Any CPU
		{96095648-717E-4B25-A01F-5892F688CB2E}.Debug|Any CPU.ActiveCfg = Debug|Any CPU
		{96095648-717E-4B25-A01F-5892F688CB2E}.Debug|Any CPU.Build.0 = Debug|Any CPU
		{96095648-717E-4B25-A01F-5892F688CB2E}.Release|Any CPU.ActiveCfg = Release|Any CPU
		{96095648-717E-4B25-A01F-5892F688CB2E}.Release|Any CPU.Build.0 = Release|Any CPU
	EndGlobalSection
	GlobalSection(SolutionProperties) = preSolution
		HideSolutionNode = FALSE
	EndGlobalSection
	GlobalSection(ExtensibilityGlobals) = postSolution
		SolutionGuid = {B8704A53-7B6F-4595-93F7-C71BC5913FAD}
	EndGlobalSection
EndGlobal
